
Microsoft Visual Studio Solution File, Format Version 12.00
Project("{FAE04EC0-301F-11D3-BF4B-00C04F79EFBC}") = "Space Invader", "Space Invader\Space Invader.csproj", "{DCE7036B-A907-4B70-B043-B6A9592C123B}"
EndProject
Global
	GlobalSection(SolutionConfigurationPlatforms) = preSolution
		Debug|Any CPU = Debug|Any CPU
		Release|Any CPU = Release|Any CPU
	EndGlobalSection
	GlobalSection(ProjectConfigurationPlatforms) = postSolution
		{DCE7036B-A907-4B70-B043-B6A9592C123B}.Debug|Any CPU.ActiveCfg = Debug|Any CPU
		{DCE7036B-A907-4B70-B043-B6A9592C123B}.Debug|Any CPU.Build.0 = Debug|Any CPU
		{DCE7036B-A907-4B70-B043-B6A9592C123B}.Release|Any CPU.ActiveCfg = Release|Any CPU
		{DCE7036B-A907-4B70-B043-B6A9592C123B}.Release|Any CPU.Build.0 = Release|Any CPU
	EndGlobalSection
EndGlobal
